version = 1
revision = 3
requires-python = "==3.10.*"

[[package]]
name = "joblib"
version = "1.5.3"
source = { registry = "https://pypi.org/simple" }
sdist = { url = "https://files.pythonhosted.org/packages/41/f2/d34e8b3a08a9cc79a50b2208a93dce981fe615b64d5a4d4abee421d898df/joblib-1.5.3.tar.gz", hash = "sha256:8561a3269e6801106863fd0d6d84bb737be9e7631e33aaed3fb9ce5953688da3", size = 331603, upload-time = "2025-12-15T08:41:46.427Z" }
wheels = [
    { url = "https://files.pythonhosted.org/packages/7b/91/984aca2ec129e2757d1e4e3c81c3fcda9d0f85b74670a094cc443d9ee949/joblib-1.5.3-py3-none-any.whl", hash = "sha256:5fc3c5039fc5ca8c0276333a188bbd59d6b7ab37fe6632daa76bc7f9ec18e713", size = 309071, upload-time = "2025-12-15T08:41:44.973Z" },
]

[[package]]
name = "numpy"
version = "1.26.4"
source = { registry = "https://pypi.org/simple" }
sdist = { url = "https://files.pythonhosted.org/packages/65/6e/09db70a523a96d25e115e71cc56a6f9031e7b8cd166c1ac8438307c14058/numpy-1.26.4.tar.gz", hash = "sha256:2a02aba9ed12e4ac4eb3ea9421c420301a0c6460d9830d74a9df87efa4912010", size = 15786129, upload-time = "2024-02-06T00:26:44.495Z" }
wheels = [
    { url = "https://files.pythonhosted.org/packages/a7/94/ace0fdea5241a27d13543ee117cbc65868e82213fb31a8eb7fe9ff23f313/numpy-1.26.4-cp310-cp310-macosx_10_9_x86_64.whl", hash = "sha256:9ff0f4f29c51e2803569d7a51c2304de5554655a60c5d776e35b4a41413830d0", size = 20631468, upload-time = "2024-02-05T23:48:01.194Z" },
    { url = "https://files.pythonhosted.org/packages/20/f7/b24208eba89f9d1b58c1668bc6c8c4fd472b20c45573cb767f59d49fb0f6/numpy-1.26.4-cp310-cp310-macosx_11_0_arm64.whl", hash = "sha256:2e4ee3380d6de9c9ec04745830fd9e2eccb3e6cf790d39d7b98ffd19b0dd754a", size = 13966411, upload-time = "2024-02-05T23:48:29.038Z" },
    { url = "https://files.pythonhosted.org/packages/fc/a5/4beee6488160798683eed5bdb7eead455892c3b4e1f78d79d8d3f3b084ac/numpy-1.26.4-cp310-cp310-manylinux_2_17_aarch64.manylinux2014_aarch64.whl", hash = "sha256:d209d8969599b27ad20994c8e41936ee0964e6da07478d6c35016bc386b66ad4", size = 14219016, upload-time = "2024-02-05T23:48:54.098Z" },
    { url = "https://files.pythonhosted.org/packages/4b/d7/ecf66c1cd12dc28b4040b15ab4d17b773b87fa9d29ca16125de01adb36cd/numpy-1.26.4-cp310-cp310-manylinux_2_17_x86_64.manylinux2014_x86_64.whl", hash = "sha256:ffa75af20b44f8dba823498024771d5ac50620e6915abac414251bd971b4529f", size = 18240889, upload-time = "2024-02-05T23:49:25.361Z" },
    { url = "https://files.pythonhosted.org/packages/24/03/6f229fe3187546435c4f6f89f6d26c129d4f5bed40552899fcf1f0bf9e50/numpy-1.26.4-cp310-cp310-musllinux_1_1_aarch64.whl", hash = "sha256:62b8e4b1e28009ef2846b4c7852046736bab361f7aeadeb6a5b89ebec3c7055a", size = 13876746, upload-time = "2024-02-05T23:49:51.983Z" },
    { url = "https://files.pythonhosted.org/packages/39/fe/39ada9b094f01f5a35486577c848fe274e374bbf8d8f472e1423a0bbd26d/numpy-1.26.4-cp310-cp310-musllinux_1_1_x86_64.whl", hash = "sha256:a4abb4f9001ad2858e7ac189089c42178fcce737e4169dc61321660f1a96c7d2", size = 18078620, upload-time = "2024-02-05T23:50:22.515Z" },
    { url = "https://files.pythonhosted.org/packages/d5/ef/6ad11d51197aad206a9ad2286dc1aac6a378059e06e8cf22cd08ed4f20dc/numpy-1.26.4-cp310-cp310-win32.whl", hash = "sha256:bfe25acf8b437eb2a8b2d49d443800a5f18508cd811fea3181723922a8a82b07", size = 5972659, upload-time = "2024-02-05T23:50:35.834Z" },
    { url = "https://files.pythonhosted.org/packages/19/77/538f202862b9183f54108557bfda67e17603fc560c384559e769321c9d92/numpy-1.26.4-cp310-cp310-win_amd64.whl", hash = "sha256:b97fe8060236edf3662adfc2c633f56a08ae30560c56310562cb4f95500022d5", size = 15808905, upload-time = "2024-02-05T23:51:03.701Z" },
]

[[package]]
name = "pandas"
version = "1.5.3"
source = { registry = "https://pypi.org/simple" }
dependencies = [
    { name = "numpy" },
    { name = "python-dateutil" },
    { name = "pytz" },
]
sdist = { url = "https://files.pythonhosted.org/packages/74/ee/146cab1ff6d575b54ace8a6a5994048380dc94879b0125b25e62edcb9e52/pandas-1.5.3.tar.gz", hash = "sha256:74a3fd7e5a7ec052f183273dc7b0acd3a863edf7520f5d3a1765c04ffdb3b0b1", size = 5203060, upload-time = "2023-01-19T08:31:39.615Z" }
wheels = [
    { url = "https://files.pythonhosted.org/packages/a9/cd/34f6b0780301be81be804d7aa71d571457369e6131e2b330af2b0fed1aad/pandas-1.5.3-cp310-cp310-macosx_10_9_universal2.whl", hash = "sha256:3749077d86e3a2f0ed51367f30bf5b82e131cc0f14260c4d3e499186fccc4406", size = 18619230, upload-time = "2023-01-19T08:29:07.301Z" },
    { url = "https://files.pythonhosted.org/packages/5f/34/b7858bb7d6d6bf4d9df1dde777a11fcf3ff370e1d1b3956e3d0fcca8322c/pandas-1.5.3-cp310-cp310-macosx_10_9_x86_64.whl", hash = "sha256:972d8a45395f2a2d26733eb8d0f629b2f90bebe8e8eddbb8829b180c09639572", size = 11982991, upload-time = "2023-01-19T08:29:15.383Z" },
    { url = "https://files.pythonhosted.org/packages/b8/6c/005bd604994f7cbede4d7bf030614ef49a2213f76bc3d738ecf5b0dcc810/pandas-1.5.3-cp310-cp310-macosx_11_0_arm64.whl", hash = "sha256:50869a35cbb0f2e0cd5ec04b191e7b12ed688874bd05dd777c19b28cbea90996", size = 10927131, upload-time = "2023-01-19T08:29:20.342Z" },
    { url = "https://files.pythonhosted.org/packages/27/c7/35b81ce5f680f2dac55eac14d103245cd8cf656ae4a2ff3be2e69fd1d330/pandas-1.5.3-cp310-cp310-manylinux_2_17_aarch64.manylinux2014_aarch64.whl", hash = "sha256:c3ac844a0fe00bfaeb2c9b51ab1424e5c8744f89860b138434a363b1f620f354", size = 11368188, upload-time = "2023-01-19T08:29:25.807Z" },
    { url = "https://files.pythonhosted.org/packages/49/e2/79e46612dc25ebc7603dc11c560baa7266c90f9e48537ecf1a02a0dd6bff/pandas-1.5.3-cp310-cp310-manylinux_2_17_x86_64.manylinux2014_x86_64.whl", hash = "sha256:7a0a56cef15fd1586726dace5616db75ebcfec9179a3a55e78f72c5639fa2a23", size = 12062104, upload-time = "2023-01-19T08:29:30.695Z" },
    { url = "https://files.pythonhosted.org/packages/d9/cd/f27c2992cbe05a3e39937f73a4be635a9ec149ec3ca4467d8cf039718994/pandas-1.5.3-cp310-cp310-win_amd64.whl", hash = "sha256:478ff646ca42b20376e4ed3fa2e8d7341e8a63105586efe54fa2508ee087f328", size = 10362473, upload-time = "2023-01-19T08:29:37.506Z" },
]

[[package]]
name = "python-dateutil"
version = "2.9.0.post0"
source = { registry = "https://pypi.org/simple" }
dependencies = [
    { name = "six" },
]
sdist = { url = "https://files.pythonhosted.org/packages/66/c0/0c8b6ad9f17a802ee498c46e004a0eb49bc148f2fd230864601a86dcf6db/python-dateutil-2.9.0.post0.tar.gz", hash = "sha256:37dd54208da7e1cd875388217d5e00ebd4179249f90fb72437e91a35459a0ad3", size = 342432, upload-time = "2024-03-01T18:36:20.211Z" }
wheels = [
    { url = "https://files.pythonhosted.org/packages/ec/57/56b9bcc3c9c6a792fcbaf139543cee77261f3651ca9da0c93f5c1221264b/python_dateutil-2.9.0.post0-py2.py3-none-any.whl", hash = "sha256:a8b2bc7bffae282281c8140a97d3aa9c14da0b136dfe83f850eea9a5f7470427", size = 229892, upload-time = "2024-03-01T18:36:18.57Z" },
]

[[package]]
name = "pytz"
version = "2026.3.post1"
source = { registry = "https://pypi.org/simple" }
sdist = { url = "https://files.pythonhosted.org/packages/fb/48/fb042503b6ca6cd271261dc559fd6432f7d8c713153e9ec5c591af4dfc1c/pytz-2026.3.post1.tar.gz", hash = "sha256:2211d3fcf9a797d3405cac96ac7f61d80e6a644f72a3309607282fe8a2010c5d", size = 319745, upload-time = "2026-07-25T15:12:07.385Z" }
wheels = [
    { url = "https://files.pythonhosted.org/packages/0f/7b/39c34ca613b0b198cb866466651b26b045e2009864c5183c979a3b83f383/pytz-2026.3.post1-py2.py3-none-any.whl", hash = "sha256:dd95840dd199baea12d9cc096a1d452caa6596a1c1e4b5f3dbd1541855d5e815", size = 508283, upload-time = "2026-07-25T15:12:05.782Z" },
]

[[package]]
name = "recognition-of-adls"
version = "1.0.0"
source = { virtual = "." }
dependencies = [
    { name = "numpy" },
    { name = "pandas" },
    { name = "scikit-learn" },
    { name = "scipy" },
]

[package.metadata]
requires-dist = [
    { name = "numpy", specifier = "==1.26.4" },
    { name = "pandas", specifier = "==1.5.3" },
    { name = "scikit-learn", specifier = "==1.0.2" },
    { name = "scipy", specifier = "==1.10.1" },
]

[[package]]
name = "scikit-learn"
version = "1.0.2"
source = { registry = "https://pypi.org/simple" }
dependencies = [
    { name = "joblib" },
    { name = "numpy" },
    { name = "scipy" },
    { name = "threadpoolctl" },
]
sdist = { url = "https://files.pythonhosted.org/packages/75/44/074b780d8ac0b0899937e9b8ba6d5d8873a71b99aa915219251ef85a8890/scikit-learn-1.0.2.tar.gz", hash = "sha256:b5870959a5484b614f26d31ca4c17524b1b0317522199dc985c3b4256e030767", size = 6716208, upload-time = "2021-12-25T20:31:42.2Z" }
wheels = [
    { url = "https://files.pythonhosted.org/packages/79/51/e414b6690a41ea5e54b368bfee75dc3d77a6916f9f3032f977c05aafc8f1/scikit_learn-1.0.2-cp310-cp310-macosx_10_13_x86_64.whl", hash = "sha256:da3c84694ff693b5b3194d8752ccf935a665b8b5edc33a283122f4273ca3e687", size = 7982488, upload-time = "2021-12-25T20:30:08.086Z" },
    { url = "https://files.pythonhosted.org/packages/44/29/5777be1436772dc3e352fa7a05dc86d067b67b10749e9a17f5eea9273793/scikit_learn-1.0.2-cp310-cp310-macosx_12_0_arm64.whl", hash = "sha256:75307d9ea39236cad7eea87143155eea24d48f93f3a2f9389c817f7019f00705", size = 6940896, upload-time = "2021-12-25T20:30:10.799Z" },
    { url = "https://files.pythonhosted.org/packages/32/88/6f47f4e5b8a26a5db480949998715fef69369767a820f2337e0e46ba9524/scikit_learn-1.0.2-cp310-cp310-manylinux_2_17_aarch64.manylinux2014_aarch64.whl", hash = "sha256:f14517e174bd7332f1cca2c959e704696a5e0ba246eb8763e6c24876d8710049", size = 26279776, upload-time = "2021-12-25T20:30:14.446Z" },
    { url = "https://files.pythonhosted.org/packages/83/2b/9625dd17ba7247b46c2d26b433451a82ca864b4e83bba0e7190f86537a39/scikit_learn-1.0.2-cp310-cp310-manylinux_2_17_x86_64.manylinux2014_x86_64.whl", hash = "sha256:d9aac97e57c196206179f674f09bc6bffcd0284e2ba95b7fe0b402ac3f986023", size = 26539628, upload-time = "2021-12-25T20:30:18.642Z" },
    { url = "https://files.pythonhosted.org/packages/92/e2/75a70f7e130c3b9573f0e1cf74741483fa99e77b248895e71ec7a90aac7a/scikit_learn-1.0.2-cp310-cp310-win_amd64.whl", hash = "sha256:d93d4c28370aea8a7cbf6015e8a669cd5d69f856cc2aa44e7a590fb805bb5583", size = 7192360, upload-time = "2021-12-25T20:30:22.429Z" },
]

[[package]]
name = "scipy"
version = "1.10.1"
source = { registry = "https://pypi.org/simple" }
dependencies = [
    { name = "numpy" },
]
sdist = { url = "https://files.pythonhosted.org/packages/84/a9/2bf119f3f9cff1f376f924e39cfae18dec92a1514784046d185731301281/scipy-1.10.1.tar.gz", hash = "sha256:2cf9dfb80a7b4589ba4c40ce7588986d6d5cebc5457cad2c2880f6bc2d42f3a5", size = 42407997, upload-time = "2023-02-19T21:20:13.395Z" }
wheels = [
    { url = "https://files.pythonhosted.org/packages/0a/ac/b1f1bbf7b01d96495f35be003b881f10f85bf6559efb6e9578da832c2140/scipy-1.10.1-cp310-cp310-macosx_10_9_x86_64.whl", hash = "sha256:e7354fd7527a4b0377ce55f286805b34e8c54b91be865bac273f527e1b839019", size = 35093243, upload-time = "2023-02-19T20:33:55.754Z" },
    { url = "https://files.pythonhosted.org/packages/ea/e5/452086ebed676ce4000ceb5eeeb0ee4f8c6f67c7e70fb9323a370ff95c1f/scipy-1.10.1-cp310-cp310-macosx_12_0_arm64.whl", hash = "sha256:4b3f429188c66603a1a5c549fb414e4d3bdc2a24792e061ffbd607d3d75fd84e", size = 28772969, upload-time = "2023-02-19T20:34:39.318Z" },
    { url = "https://files.pythonhosted.org/packages/04/0b/a1b119c869b79a2ab459b7f9fd7e2dea75a9c7d432e64e915e75586bd00b/scipy-1.10.1-cp310-cp310-manylinux_2_17_aarch64.manylinux2014_aarch64.whl", hash = "sha256:1553b5dcddd64ba9a0d95355e63fe6c3fc303a8fd77c7bc91e77d61363f7433f", size = 30886961, upload-time = "2023-02-19T20:35:33.724Z" },
    { url = "https://files.pythonhosted.org/packages/1f/4b/3bacad9a166350cb2e518cea80ab891016933cc1653f15c90279512c5fa9/scipy-1.10.1-cp310-cp310-manylinux_2_17_x86_64.manylinux2014_x86_64.whl", hash = "sha256:4c0ff64b06b10e35215abce517252b375e580a6125fd5fdf6421b98efbefb2d2", size = 34422544, upload-time = "2023-02-19T20:37:03.859Z" },
    { url = "https://files.pythonhosted.org/packages/ec/e3/b06ac3738bf365e89710205a471abe7dceec672a51c244b469bc5d1291c7/scipy-1.10.1-cp310-cp310-win_amd64.whl", hash = "sha256:fae8a7b898c42dffe3f7361c40d5952b6bf32d10c4569098d276b4c547905ee1", size = 42484848, upload-time = "2023-02-19T20:39:09.467Z" },
]

[[package]]
name = "six"
version = "1.17.0"
source = { registry = "https://pypi.org/simple" }
sdist = { url = "https://files.pythonhosted.org/packages/94/e7/b2c673351809dca68a0e064b6af791aa332cf192da575fd474ed7d6f16a2/six-1.17.0.tar.gz", hash = "sha256:ff70335d468e7eb6ec65b95b99d3a2836546063f63acc5171de367e834932a81", size = 34031, upload-time = "2024-12-04T17:35:28.174Z" }
wheels = [
    { url = "https://files.pythonhosted.org/packages/b7/ce/149a00dd41f10bc29e5921b496af8b574d8413afcd5e30dfa0ed46c2cc5e/six-1.17.0-py2.py3-none-any.whl", hash = "sha256:4721f391ed90541fddacab5acf947aa0d3dc7d27b2e1e8eda2be8970586c3274", size = 11050, upload-time = "2024-12-04T17:35:26.475Z" },
]

[[package]]
name = "threadpoolctl"
version = "3.6.0"
source = { registry = "https://pypi.org/simple" }
sdist = { url = "https://files.pythonhosted.org/packages/b7/4d/08c89e34946fce2aec4fbb45c9016efd5f4d7f24af8e5d93296e935631d8/threadpoolctl-3.6.0.tar.gz", hash = "sha256:8ab8b4aa3491d812b623328249fab5302a68d2d71745c8a4c719a2fcaba9f44e", size = 21274, upload-time = "2025-03-13T13:49:23.031Z" }
wheels = [
    { url = "https://files.pythonhosted.org/packages/32/d5/f9a850d79b0851d1d4ef6456097579a9005b31fea68726a4ae5f2d82ddd9/threadpoolctl-3.6.0-py3-none-any.whl", hash = "sha256:43a0b8fd5a2928500110039e43a5eed8480b918967083ea48dc3ab9f13c4a7fb", size = 18638, upload-time = "2025-03-13T13:49:21.846Z" },
]
